<Solution>
  <Configurations>
    <Platform Name="Any CPU" />
    <Platform Name="x64" />
    <Platform Name="x86" />
  </Configurations>
  <Folder Name="/Solution Files/">
    <File Path=".config/dotnet-tools.json" />
    <File Path=".editorconfig" />
    <File Path=".github/workflows/ci.yml" />
    <File Path=".github/workflows/release.yml" />
    <File Path="appsettings.json" />
    <File Path="CLAUDE.md" />
  </Folder>
  <Folder Name="/Solution Files/Scripts/">
    <File Path="scripts/Pack-Local.ps1" />
    <File Path="scripts/Set-VersionFromChangelog.ps1" />
  </Folder>
  <Project Path="XrmPluginCore.Abstractions/XrmPluginCore.Abstractions.csproj" />
  <Project Path="XrmPluginCore.SourceGenerator.Tests/XrmPluginCore.SourceGenerator.Tests.csproj" />
  <Project Path="XrmPluginCore.SourceGenerator/XrmPluginCore.SourceGenerator.csproj" />
  <Project Path="XrmPluginCore.Tests.Context/XrmPluginCore.Tests.Context.csproj" Id="baecab2d-5e83-4f09-9b5c-1bc80b59e943" />
  <Project Path="XrmPluginCore.Tests/XrmPluginCore.Tests.csproj" />
  <Project Path="XrmPluginCore/XrmPluginCore.csproj" />
</Solution>
